
Microsoft Visual Studio Solution File, Format Version 12.00
# Visual Studio Version 16
VisualStudioVersion = 16.0.29509.3
MinimumVisualStudioVersion = 10.0.40219.1
Project("{FAE04EC0-301F-11D3-BF4B-00C04F79EFBC}") = "Siakod3-tree", "Siakod3-tree\Siakod3-tree.csproj", "{E2617C86-A4B0-4389-BBF9-BAB1BA3BD8FF}"
EndProject
Global
	GlobalSection(SolutionConfigurationPlatforms) = preSolution
		Debug|Any CPU = Debug|Any CPU
		Release|Any CPU = Release|Any CPU
	EndGlobalSection
	GlobalSection(ProjectConfigurationPlatforms) = postSolution
		{E2617C86-A4B0-4389-BBF9-BAB1BA3BD8FF}.Debug|Any CPU.ActiveCfg = Debug|Any CPU
		{E2617C86-A4B0-4389-BBF9-BAB1BA3BD8FF}.Debug|Any CPU.Build.0 = Debug|Any CPU
		{E2617C86-A4B0-4389-BBF9-BAB1BA3BD8FF}.Release|Any CPU.ActiveCfg = Release|Any CPU
		{E2617C86-A4B0-4389-BBF9-BAB1BA3BD8FF}.Release|Any CPU.Build.0 = Release|Any CPU
	EndGlobalSection
	GlobalSection(SolutionProperties) = preSolution
		HideSolutionNode = FALSE
	EndGlobalSection
	GlobalSection(ExtensibilityGlobals) = postSolution
		SolutionGuid = {FF31451D-1D4D-439C-B502-22A9D4CCD50D}
	EndGlobalSection
EndGlobal
